# This file is automatically @generated by Cargo.
# It is not intended for manual editing.
version = 4

[[package]]
name = "Chapter10"
version = "0.1.0"

[[package]]
name = "Chapter4"
version = "0.1.0"

[[package]]
name = "Chapter5"
version = "0.1.0"

[[package]]
name = "Chapter6"
version = "0.1.0"

[[package]]
name = "Chapter8"
version = "0.1.0"

[[package]]
name = "Chapter9"
version = "0.1.0"

[[package]]
name = "examples"
version = "0.1.0"

[[package]]
name = "hello_cargo"
version = "0.1.0"

[[package]]
name = "hello_world"
version = "0.1.0"

[[package]]
name = "restaurant"
version = "0.1.0"
